
Microsoft Visual Studio Solution File, Format Version 12.00
# Visual Studio Version 17
VisualStudioVersion = 17.14.36623.8 d17.14
MinimumVisualStudioVersion = 10.0.40219.1
Project("{FAE04EC0-301F-11D3-BF4B-00C04F79EFBC}") = "ZabbixAgent", "src\ZabbixAgent\ZabbixAgent.csproj", "{153BAB63-B039-442E-84E5-6E0565095F39}"
EndProject
Project("{2150E333-8FDC-42A3-9474-1A3956D46DE8}") = "Aspire", "Aspire", "{02EA681E-C7D8-13C7-8484-4AC65E1B71E8}"
EndProject
Project("{FAE04EC0-301F-11D3-BF4B-00C04F79EFBC}") = "ZabbixAgent.AppHost", "src\ZabbixAgent.AppHost\ZabbixAgent.AppHost.csproj", "{F3CAC73C-E5E7-45E4-87F6-285BB760E959}"
EndProject
Project("{FAE04EC0-301F-11D3-BF4B-00C04F79EFBC}") = "ZabbixAgent.ServiceDefaults", "src\ZabbixAgent.ServiceDefaults\ZabbixAgent.ServiceDefaults.csproj", "{8515B6B0-4CA2-C4D6-4443-6BFAF9F000B9}"
EndProject
Project("{2150E333-8FDC-42A3-9474-1A3956D46DE8}") = "Solution Items", "Solution Items", "{8EC462FD-D22E-90A8-E5CE-7E832BA40C5D}"
	ProjectSection(SolutionItems) = preProject
		.github\workflows\dotnet.yml = .github\workflows\dotnet.yml
		LICENSE = LICENSE
		README.md = README.md
		SECURITY.md = SECURITY.md
	EndProjectSection
EndProject
Global
	GlobalSection(SolutionConfigurationPlatforms) = preSolution
		Debug|Any CPU = Debug|Any CPU
		Release|Any CPU = Release|Any CPU
	EndGlobalSection
	GlobalSection(ProjectConfigurationPlatforms) = postSolution
		{153BAB63-B039-442E-84E5-6E0565095F39}.Debug|Any CPU.ActiveCfg = Debug|Any CPU
		{153BAB63-B039-442E-84E5-6E0565095F39}.Debug|Any CPU.Build.0 = Debug|Any CPU
		{153BAB63-B039-442E-84E5-6E0565095F39}.Release|Any CPU.ActiveCfg = Release|Any CPU
		{153BAB63-B039-442E-84E5-6E0565095F39}.Release|Any CPU.Build.0 = Release|Any CPU
		{F3CAC73C-E5E7-45E4-87F6-285BB760E959}.Debug|Any CPU.ActiveCfg = Debug|Any CPU
		{F3CAC73C-E5E7-45E4-87F6-285BB760E959}.Debug|Any CPU.Build.0 = Debug|Any CPU
		{F3CAC73C-E5E7-45E4-87F6-285BB760E959}.Release|Any CPU.ActiveCfg = Release|Any CPU
		{F3CAC73C-E5E7-45E4-87F6-285BB760E959}.Release|Any CPU.Build.0 = Release|Any CPU
		{8515B6B0-4CA2-C4D6-4443-6BFAF9F000B9}.Debug|Any CPU.ActiveCfg = Debug|Any CPU
		{8515B6B0-4CA2-C4D6-4443-6BFAF9F000B9}.Debug|Any CPU.Build.0 = Debug|Any CPU
		{8515B6B0-4CA2-C4D6-4443-6BFAF9F000B9}.Release|Any CPU.ActiveCfg = Release|Any CPU
		{8515B6B0-4CA2-C4D6-4443-6BFAF9F000B9}.Release|Any CPU.Build.0 = Release|Any CPU
	EndGlobalSection
	GlobalSection(SolutionProperties) = preSolution
		HideSolutionNode = FALSE
	EndGlobalSection
	GlobalSection(NestedProjects) = preSolution
		{F3CAC73C-E5E7-45E4-87F6-285BB760E959} = {02EA681E-C7D8-13C7-8484-4AC65E1B71E8}
		{8515B6B0-4CA2-C4D6-4443-6BFAF9F000B9} = {02EA681E-C7D8-13C7-8484-4AC65E1B71E8}
	EndGlobalSection
	GlobalSection(ExtensibilityGlobals) = postSolution
		SolutionGuid = {BA51BB88-E6A3-431B-8C5E-EF70DF5FB4EC}
	EndGlobalSection
EndGlobal
